// !$*UTF8*$!
{
	archiveVersion = 1;
	classes = {
	};
	objectVersion = 50;
	objects = {

/* Begin PBXBuildFile section */
		0E00250427345E5E00C44CB6 /* NetworkRequestTest.swift in Sources */ = {isa = PBXBuildFile; fileRef = 0E00250327345E5E00C44CB6 /* NetworkRequestTest.swift */; };
		0E201D572729D7630093DFF7 /* CombineInteractor.swift in Sources */ = {isa = PBXBuildFile; fileRef = 0E201D562729D7630093DFF7 /* CombineInteractor.swift */; };
		0E201D592729DBE00093DFF7 /* OrdersProvider.swift in Sources */ = {isa = PBXBuildFile; fileRef = 0E201D582729DBE00093DFF7 /* OrdersProvider.swift */; };
		0E201D5B2729DC080093DFF7 /* OrderSender.swift in Sources */ = {isa = PBXBuildFile; fileRef = 0E201D5A2729DC080093DFF7 /* OrderSender.swift */; };
		0E201D5D2729DCD80093DFF7 /* OrdersState.swift in Sources */ = {isa = PBXBuildFile; fileRef = 0E201D5C2729DCD80093DFF7 /* OrdersState.swift */; };
		0E201D5F2729E0130093DFF7 /* Pushable.swift in Sources */ = {isa = PBXBuildFile; fileRef = 0E201D5E2729E0130093DFF7 /* Pushable.swift */; };
		0E201D612729E6AF0093DFF7 /* Pushable+Equatable.swift in Sources */ = {isa = PBXBuildFile; fileRef = 0E201D602729E6AF0093DFF7 /* Pushable+Equatable.swift */; };
		0E36099E273FD60400A62EFD /* AuthenticationResponse.swift in Sources */ = {isa = PBXBuildFile; fileRef = 0E36099D273FD60400A62EFD /* AuthenticationResponse.swift */; };
		0E3609A0273FDA1C00A62EFD /* AuthenticationRequestData.swift in Sources */ = {isa = PBXBuildFile; fileRef = 0E36099F273FDA1C00A62EFD /* AuthenticationRequestData.swift */; };
		0E3609A2273FDB1B00A62EFD /* Client.swift in Sources */ = {isa = PBXBuildFile; fileRef = 0E3609A1273FDB1B00A62EFD /* Client.swift */; };
		0E3609A4273FDC5900A62EFD /* AuthenticationState.swift in Sources */ = {isa = PBXBuildFile; fileRef = 0E3609A3273FDC5900A62EFD /* AuthenticationState.swift */; };
		0E3609A62740171B00A62EFD /* TokenRepository.swift in Sources */ = {isa = PBXBuildFile; fileRef = 0E3609A52740171B00A62EFD /* TokenRepository.swift */; };
		0E3609A82740183B00A62EFD /* TokenStorage.swift in Sources */ = {isa = PBXBuildFile; fileRef = 0E3609A72740183B00A62EFD /* TokenStorage.swift */; };
		0E3609AA27401B2000A62EFD /* TokenStorageTest.swift in Sources */ = {isa = PBXBuildFile; fileRef = 0E3609A927401B2000A62EFD /* TokenStorageTest.swift */; };
		0E3609AC274029D300A62EFD /* TokenProvidable.swift in Sources */ = {isa = PBXBuildFile; fileRef = 0E3609AB274029D300A62EFD /* TokenProvidable.swift */; };
		0E3609AE27402DAD00A62EFD /* TokenReader.swift in Sources */ = {isa = PBXBuildFile; fileRef = 0E3609AD27402DAD00A62EFD /* TokenReader.swift */; };
		0E3609B027402E5B00A62EFD /* AuthentificationInteractor.swift in Sources */ = {isa = PBXBuildFile; fileRef = 0E3609AF27402E5B00A62EFD /* AuthentificationInteractor.swift */; };
		0E3609B4274035BD00A62EFD /* Authentication.swift in Sources */ = {isa = PBXBuildFile; fileRef = 0E3609B3274035BD00A62EFD /* Authentication.swift */; };
		0E3609B62740389400A62EFD /* AccountRepository.swift in Sources */ = {isa = PBXBuildFile; fileRef = 0E3609B52740389400A62EFD /* AccountRepository.swift */; };
		0E3609B8274038DD00A62EFD /* AccountStorageRest.swift in Sources */ = {isa = PBXBuildFile; fileRef = 0E3609B7274038DD00A62EFD /* AccountStorageRest.swift */; };
		0E3609BA27403B7C00A62EFD /* ProfileRepository.swift in Sources */ = {isa = PBXBuildFile; fileRef = 0E3609B927403B7C00A62EFD /* ProfileRepository.swift */; };
		0E3609BC27403C1C00A62EFD /* ProfileStorage.swift in Sources */ = {isa = PBXBuildFile; fileRef = 0E3609BB27403C1C00A62EFD /* ProfileStorage.swift */; };
		0E3609BE27404B8700A62EFD /* ProfileStorageTest.swift in Sources */ = {isa = PBXBuildFile; fileRef = 0E3609BD27404B8700A62EFD /* ProfileStorageTest.swift */; };
		0E3609C027405A0F00A62EFD /* ProfileProvider.swift in Sources */ = {isa = PBXBuildFile; fileRef = 0E3609BF27405A0F00A62EFD /* ProfileProvider.swift */; };
		0E3609C227405D5200A62EFD /* Movable.swift in Sources */ = {isa = PBXBuildFile; fileRef = 0E3609C127405D5200A62EFD /* Movable.swift */; };
		0E3B540726F7A4E300DE526C /* DarkKitchenApp.swift in Sources */ = {isa = PBXBuildFile; fileRef = 0E3B540626F7A4E300DE526C /* DarkKitchenApp.swift */; };
		0E3B540926F7A4E300DE526C /* ContentView.swift in Sources */ = {isa = PBXBuildFile; fileRef = 0E3B540826F7A4E300DE526C /* ContentView.swift */; };
		0E3B540B26F7A4E700DE526C /* Assets.xcassets in Resources */ = {isa = PBXBuildFile; fileRef = 0E3B540A26F7A4E700DE526C /* Assets.xcassets */; };
		0E3B540E26F7A4E700DE526C /* Preview Assets.xcassets in Resources */ = {isa = PBXBuildFile; fileRef = 0E3B540D26F7A4E700DE526C /* Preview Assets.xcassets */; };
		0E3DB22B2736883700D10569 /* EndpointConfiguration.swift in Sources */ = {isa = PBXBuildFile; fileRef = 0E3DB22A2736883700D10569 /* EndpointConfiguration.swift */; };
		0E44073D272347C700632B5F /* MenuState.swift in Sources */ = {isa = PBXBuildFile; fileRef = 0E44073C272347C700632B5F /* MenuState.swift */; };
		0E4407462723532500632B5F /* MenuInteractorTest.swift in Sources */ = {isa = PBXBuildFile; fileRef = 0E4407452723532500632B5F /* MenuInteractorTest.swift */; };
		0E44074E2723538200632B5F /* ProductsRepositoryStub.swift in Sources */ = {isa = PBXBuildFile; fileRef = 0E44074D2723538200632B5F /* ProductsRepositoryStub.swift */; };
		0E440750272358A000632B5F /* RepositoryError.swift in Sources */ = {isa = PBXBuildFile; fileRef = 0E44074F272358A000632B5F /* RepositoryError.swift */; };
		0E4C32C7272E990700AA5F06 /* NetworkRequest.swift in Sources */ = {isa = PBXBuildFile; fileRef = 0E4C32C6272E990700AA5F06 /* NetworkRequest.swift */; };
		0E4E61FB27241AA000E11DDC /* Loadable+Equatable.swift in Sources */ = {isa = PBXBuildFile; fileRef = 0E4E61FA27241AA000E11DDC /* Loadable+Equatable.swift */; };
		0E4E61FD272420F500E11DDC /* MenuProvider.swift in Sources */ = {isa = PBXBuildFile; fileRef = 0E4E61FC272420F500E11DDC /* MenuProvider.swift */; };
		0E8B135726FA4E34006D36D5 /* Cart.swift in Sources */ = {isa = PBXBuildFile; fileRef = 0E8B135626FA4E34006D36D5 /* Cart.swift */; };
		0E8B135926FA4E46006D36D5 /* Order.swift in Sources */ = {isa = PBXBuildFile; fileRef = 0E8B135826FA4E45006D36D5 /* Order.swift */; };
		0E8B135B26FA4E53006D36D5 /* Profile.swift in Sources */ = {isa = PBXBuildFile; fileRef = 0E8B135A26FA4E53006D36D5 /* Profile.swift */; };
		0E8B135D26FA4E62006D36D5 /* Product.swift in Sources */ = {isa = PBXBuildFile; fileRef = 0E8B135C26FA4E62006D36D5 /* Product.swift */; };
		0E8B135F26FA4F0F006D36D5 /* MenuInteractor+MenuProvider.swift in Sources */ = {isa = PBXBuildFile; fileRef = 0E8B135E26FA4F0F006D36D5 /* MenuInteractor+MenuProvider.swift */; };
		0E8B136126FA53CE006D36D5 /* AppState.swift in Sources */ = {isa = PBXBuildFile; fileRef = 0E8B136026FA53CE006D36D5 /* AppState.swift */; };
		0E8B136326FA5467006D36D5 /* CartInteractor.swift in Sources */ = {isa = PBXBuildFile; fileRef = 0E8B136226FA5467006D36D5 /* CartInteractor.swift */; };
		0E8B136526FA552B006D36D5 /* ProfileInteractor.swift in Sources */ = {isa = PBXBuildFile; fileRef = 0E8B136426FA552B006D36D5 /* ProfileInteractor.swift */; };
		0E8B136726FA554E006D36D5 /* OrdersInteractor.swift in Sources */ = {isa = PBXBuildFile; fileRef = 0E8B136626FA554E006D36D5 /* OrdersInteractor.swift */; };
		0E8B136926FA560F006D36D5 /* ProductsRepository.swift in Sources */ = {isa = PBXBuildFile; fileRef = 0E8B136826FA560F006D36D5 /* ProductsRepository.swift */; };
		0E8B136B26FA5675006D36D5 /* OrdersRepository.swift in Sources */ = {isa = PBXBuildFile; fileRef = 0E8B136A26FA5675006D36D5 /* OrdersRepository.swift */; };
		0E8B136D26FA56F8006D36D5 /* PushOrderResult.swift in Sources */ = {isa = PBXBuildFile; fileRef = 0E8B136C26FA56F8006D36D5 /* PushOrderResult.swift */; };
		0E8B137826FA5BAA006D36D5 /* GlobalObjects.swift in Sources */ = {isa = PBXBuildFile; fileRef = 0E8B137726FA5BAA006D36D5 /* GlobalObjects.swift */; };
		0EA84BFD2739C044001E8B33 /* UrlResponderMock.swift.swift in Sources */ = {isa = PBXBuildFile; fileRef = 0EA84BFC2739C044001E8B33 /* UrlResponderMock.swift.swift */; };
		0EA84BFF2739C375001E8B33 /* ProductsStorageRestTest.swift in Sources */ = {isa = PBXBuildFile; fileRef = 0EA84BFE2739C375001E8B33 /* ProductsStorageRestTest.swift */; };
		0EC797D727333796006C45F8 /* RepositoryPaths.swift in Sources */ = {isa = PBXBuildFile; fileRef = 0EC797D627333796006C45F8 /* RepositoryPaths.swift */; };
		0ECBDACA271DF039007C9693 /* Loadable.swift in Sources */ = {isa = PBXBuildFile; fileRef = 0ECBDAC9271DF039007C9693 /* Loadable.swift */; };
		0ECBDACC271DF046007C9693 /* UserData.swift in Sources */ = {isa = PBXBuildFile; fileRef = 0ECBDACB271DF046007C9693 /* UserData.swift */; };
		0ED5D2D7273D8883009D48EE /* ProductCategory.swift in Sources */ = {isa = PBXBuildFile; fileRef = 0ED5D2D6273D8882009D48EE /* ProductCategory.swift */; };
		0EF0C4E9272B1A82004092CF /* OrdersRepositoryStub.swift in Sources */ = {isa = PBXBuildFile; fileRef = 0EF0C4E8272B1A82004092CF /* OrdersRepositoryStub.swift */; };
		0EF0C4EB272B1C3D004092CF /* OrderInteractorTests.swift in Sources */ = {isa = PBXBuildFile; fileRef = 0EF0C4EA272B1C3D004092CF /* OrderInteractorTests.swift */; };
		0EF0C4ED272B2C78004092CF /* ProductsStorageRest.swift in Sources */ = {isa = PBXBuildFile; fileRef = 0EF0C4EC272B2C78004092CF /* ProductsStorageRest.swift */; };
		0EF0C4EF272B2E97004092CF /* OrdersStorageRest.swift in Sources */ = {isa = PBXBuildFile; fileRef = 0EF0C4EE272B2E97004092CF /* OrdersStorageRest.swift */; };
		0EF0C4F1272B3272004092CF /* AppStateTest.swift in Sources */ = {isa = PBXBuildFile; fileRef = 0EF0C4F0272B3272004092CF /* AppStateTest.swift */; };
		0EFDA370272F336500FDA504 /* Configuration.swift in Sources */ = {isa = PBXBuildFile; fileRef = 0EFDA36F272F336500FDA504 /* Configuration.swift */; };
/* End PBXBuildFile section */

/* Begin PBXContainerItemProxy section */
		0E4407472723532500632B5F /* PBXContainerItemProxy */ = {
			isa = PBXContainerItemProxy;
			containerPortal = 0E3B53FB26F7A4E300DE526C /* Project object */;
			proxyType = 1;
			remoteGlobalIDString = 0E3B540226F7A4E300DE526C;
			remoteInfo = DarkKitchen;
		};
/* End PBXContainerItemProxy section */

/* Begin PBXFileReference section */
		0E00250327345E5E00C44CB6 /* NetworkRequestTest.swift */ = {isa = PBXFileReference; lastKnownFileType = sourcecode.swift; path = NetworkRequestTest.swift; sourceTree = "<group>"; };
		0E201D562729D7630093DFF7 /* CombineInteractor.swift */ = {isa = PBXFileReference; lastKnownFileType = sourcecode.swift; path = CombineInteractor.swift; sourceTree = "<group>"; };
		0E201D582729DBE00093DFF7 /* OrdersProvider.swift */ = {isa = PBXFileReference; lastKnownFileType = sourcecode.swift; path = OrdersProvider.swift; sourceTree = "<group>"; };
		0E201D5A2729DC080093DFF7 /* OrderSender.swift */ = {isa = PBXFileReference; lastKnownFileType = sourcecode.swift; path = OrderSender.swift; sourceTree = "<group>"; };
		0E201D5C2729DCD80093DFF7 /* OrdersState.swift */ = {isa = PBXFileReference; lastKnownFileType = sourcecode.swift; path = OrdersState.swift; sourceTree = "<group>"; };
		0E201D5E2729E0130093DFF7 /* Pushable.swift */ = {isa = PBXFileReference; lastKnownFileType = sourcecode.swift; path = Pushable.swift; sourceTree = "<group>"; };
		0E201D602729E6AF0093DFF7 /* Pushable+Equatable.swift */ = {isa = PBXFileReference; lastKnownFileType = sourcecode.swift; path = "Pushable+Equatable.swift"; sourceTree = "<group>"; };
		0E36099D273FD60400A62EFD /* AuthenticationResponse.swift */ = {isa = PBXFileReference; lastKnownFileType = sourcecode.swift; path = AuthenticationResponse.swift; sourceTree = "<group>"; };
		0E36099F273FDA1C00A62EFD /* AuthenticationRequestData.swift */ = {isa = PBXFileReference; lastKnownFileType = sourcecode.swift; path = AuthenticationRequestData.swift; sourceTree = "<group>"; };
		0E3609A1273FDB1B00A62EFD /* Client.swift */ = {isa = PBXFileReference; lastKnownFileType = sourcecode.swift; path = Client.swift; sourceTree = "<group>"; };
		0E3609A3273FDC5900A62EFD /* AuthenticationState.swift */ = {isa = PBXFileReference; lastKnownFileType = sourcecode.swift; path = AuthenticationState.swift; sourceTree = "<group>"; };
		0E3609A52740171B00A62EFD /* TokenRepository.swift */ = {isa = PBXFileReference; lastKnownFileType = sourcecode.swift; path = TokenRepository.swift; sourceTree = "<group>"; };
		0E3609A72740183B00A62EFD /* TokenStorage.swift */ = {isa = PBXFileReference; lastKnownFileType = sourcecode.swift; path = TokenStorage.swift; sourceTree = "<group>"; };
		0E3609A927401B2000A62EFD /* TokenStorageTest.swift */ = {isa = PBXFileReference; lastKnownFileType = sourcecode.swift; path = TokenStorageTest.swift; sourceTree = "<group>"; };
		0E3609AB274029D300A62EFD /* TokenProvidable.swift */ = {isa = PBXFileReference; lastKnownFileType = sourcecode.swift; path = TokenProvidable.swift; sourceTree = "<group>"; };
		0E3609AD27402DAD00A62EFD /* TokenReader.swift */ = {isa = PBXFileReference; lastKnownFileType = sourcecode.swift; path = TokenReader.swift; sourceTree = "<group>"; };
		0E3609AF27402E5B00A62EFD /* AuthentificationInteractor.swift */ = {isa = PBXFileReference; lastKnownFileType = sourcecode.swift; path = AuthentificationInteractor.swift; sourceTree = "<group>"; };
		0E3609B3274035BD00A62EFD /* Authentication.swift */ = {isa = PBXFileReference; lastKnownFileType = sourcecode.swift; path = Authentication.swift; sourceTree = "<group>"; };
		0E3609B52740389400A62EFD /* AccountRepository.swift */ = {isa = PBXFileReference; lastKnownFileType = sourcecode.swift; path = AccountRepository.swift; sourceTree = "<group>"; };
		0E3609B7274038DD00A62EFD /* AccountStorageRest.swift */ = {isa = PBXFileReference; lastKnownFileType = sourcecode.swift; path = AccountStorageRest.swift; sourceTree = "<group>"; };
		0E3609B927403B7C00A62EFD /* ProfileRepository.swift */ = {isa = PBXFileReference; lastKnownFileType = sourcecode.swift; path = ProfileRepository.swift; sourceTree = "<group>"; };
		0E3609BB27403C1C00A62EFD /* ProfileStorage.swift */ = {isa = PBXFileReference; lastKnownFileType = sourcecode.swift; path = ProfileStorage.swift; sourceTree = "<group>"; };
		0E3609BD27404B8700A62EFD /* ProfileStorageTest.swift */ = {isa = PBXFileReference; lastKnownFileType = sourcecode.swift; path = ProfileStorageTest.swift; sourceTree = "<group>"; };
		0E3609BF27405A0F00A62EFD /* ProfileProvider.swift */ = {isa = PBXFileReference; lastKnownFileType = sourcecode.swift; path = ProfileProvider.swift; sourceTree = "<group>"; };
		0E3609C127405D5200A62EFD /* Movable.swift */ = {isa = PBXFileReference; lastKnownFileType = sourcecode.swift; path = Movable.swift; sourceTree = "<group>"; };
		0E3B540326F7A4E300DE526C /* DarkKitchen.app */ = {isa = PBXFileReference; explicitFileType = wrapper.application; includeInIndex = 0; path = DarkKitchen.app; sourceTree = BUILT_PRODUCTS_DIR; };
		0E3B540626F7A4E300DE526C /* DarkKitchenApp.swift */ = {isa = PBXFileReference; lastKnownFileType = sourcecode.swift; path = DarkKitchenApp.swift; sourceTree = "<group>"; };
		0E3B540826F7A4E300DE526C /* ContentView.swift */ = {isa = PBXFileReference; lastKnownFileType = sourcecode.swift; path = ContentView.swift; sourceTree = "<group>"; };
		0E3B540A26F7A4E700DE526C /* Assets.xcassets */ = {isa = PBXFileReference; lastKnownFileType = folder.assetcatalog; path = Assets.xcassets; sourceTree = "<group>"; };
		0E3B540D26F7A4E700DE526C /* Preview Assets.xcassets */ = {isa = PBXFileReference; lastKnownFileType = folder.assetcatalog; path = "Preview Assets.xcassets"; sourceTree = "<group>"; };
		0E3B540F26F7A4E700DE526C /* Info.plist */ = {isa = PBXFileReference; lastKnownFileType = text.plist.xml; path = Info.plist; sourceTree = "<group>"; };
		0E3DB22A2736883700D10569 /* EndpointConfiguration.swift */ = {isa = PBXFileReference; lastKnownFileType = sourcecode.swift; path = EndpointConfiguration.swift; sourceTree = "<group>"; };
		0E44073C272347C700632B5F /* MenuState.swift */ = {isa = PBXFileReference; lastKnownFileType = sourcecode.swift; path = MenuState.swift; sourceTree = "<group>"; };
		0E4407432723532500632B5F /* DarkKitchenTests.xctest */ = {isa = PBXFileReference; explicitFileType = wrapper.cfbundle; includeInIndex = 0; path = DarkKitchenTests.xctest; sourceTree = BUILT_PRODUCTS_DIR; };
		0E4407452723532500632B5F /* MenuInteractorTest.swift */ = {isa = PBXFileReference; lastKnownFileType = sourcecode.swift; path = MenuInteractorTest.swift; sourceTree = "<group>"; };
		0E44074D2723538200632B5F /* ProductsRepositoryStub.swift */ = {isa = PBXFileReference; lastKnownFileType = sourcecode.swift; path = ProductsRepositoryStub.swift; sourceTree = "<group>"; };
		0E44074F272358A000632B5F /* RepositoryError.swift */ = {isa = PBXFileReference; lastKnownFileType = sourcecode.swift; path = RepositoryError.swift; sourceTree = "<group>"; };
		0E4C32C6272E990700AA5F06 /* NetworkRequest.swift */ = {isa = PBXFileReference; lastKnownFileType = sourcecode.swift; path = NetworkRequest.swift; sourceTree = "<group>"; };
		0E4E61FA27241AA000E11DDC /* Loadable+Equatable.swift */ = {isa = PBXFileReference; lastKnownFileType = sourcecode.swift; path = "Loadable+Equatable.swift"; sourceTree = "<group>"; };
		0E4E61FC272420F500E11DDC /* MenuProvider.swift */ = {isa = PBXFileReference; lastKnownFileType = sourcecode.swift; path = MenuProvider.swift; sourceTree = "<group>"; };
		0E8B135626FA4E34006D36D5 /* Cart.swift */ = {isa = PBXFileReference; lastKnownFileType = sourcecode.swift; path = Cart.swift; sourceTree = "<group>"; };
		0E8B135826FA4E45006D36D5 /* Order.swift */ = {isa = PBXFileReference; lastKnownFileType = sourcecode.swift; path = Order.swift; sourceTree = "<group>"; };
		0E8B135A26FA4E53006D36D5 /* Profile.swift */ = {isa = PBXFileReference; lastKnownFileType = sourcecode.swift; path = Profile.swift; sourceTree = "<group>"; };
		0E8B135C26FA4E62006D36D5 /* Product.swift */ = {isa = PBXFileReference; lastKnownFileType = sourcecode.swift; path = Product.swift; sourceTree = "<group>"; };
		0E8B135E26FA4F0F006D36D5 /* MenuInteractor+MenuProvider.swift */ = {isa = PBXFileReference; lastKnownFileType = sourcecode.swift; path = "MenuInteractor+MenuProvider.swift"; sourceTree = "<group>"; };
		0E8B136026FA53CE006D36D5 /* AppState.swift */ = {isa = PBXFileReference; lastKnownFileType = sourcecode.swift; path = AppState.swift; sourceTree = "<group>"; };
		0E8B136226FA5467006D36D5 /* CartInteractor.swift */ = {isa = PBXFileReference; lastKnownFileType = sourcecode.swift; path = CartInteractor.swift; sourceTree = "<group>"; };
		0E8B136426FA552B006D36D5 /* ProfileInteractor.swift */ = {isa = PBXFileReference; lastKnownFileType = sourcecode.swift; path = ProfileInteractor.swift; sourceTree = "<group>"; };
		0E8B136626FA554E006D36D5 /* OrdersInteractor.swift */ = {isa = PBXFileReference; lastKnownFileType = sourcecode.swift; path = OrdersInteractor.swift; sourceTree = "<group>"; };
		0E8B136826FA560F006D36D5 /* ProductsRepository.swift */ = {isa = PBXFileReference; lastKnownFileType = sourcecode.swift; path = ProductsRepository.swift; sourceTree = "<group>"; };
		0E8B136A26FA5675006D36D5 /* OrdersRepository.swift */ = {isa = PBXFileReference; lastKnownFileType = sourcecode.swift; path = OrdersRepository.swift; sourceTree = "<group>"; };
		0E8B136C26FA56F8006D36D5 /* PushOrderResult.swift */ = {isa = PBXFileReference; lastKnownFileType = sourcecode.swift; path = PushOrderResult.swift; sourceTree = "<group>"; };
		0E8B137726FA5BAA006D36D5 /* GlobalObjects.swift */ = {isa = PBXFileReference; lastKnownFileType = sourcecode.swift; path = GlobalObjects.swift; sourceTree = "<group>"; };
		0EA84BFC2739C044001E8B33 /* UrlResponderMock.swift.swift */ = {isa = PBXFileReference; lastKnownFileType = sourcecode.swift; path = UrlResponderMock.swift.swift; sourceTree = "<group>"; };
		0EA84BFE2739C375001E8B33 /* ProductsStorageRestTest.swift */ = {isa = PBXFileReference; lastKnownFileType = sourcecode.swift; path = ProductsStorageRestTest.swift; sourceTree = "<group>"; };
		0EC797D627333796006C45F8 /* RepositoryPaths.swift */ = {isa = PBXFileReference; lastKnownFileType = sourcecode.swift; path = RepositoryPaths.swift; sourceTree = "<group>"; };
		0ECBDAC9271DF039007C9693 /* Loadable.swift */ = {isa = PBXFileReference; lastKnownFileType = sourcecode.swift; path = Loadable.swift; sourceTree = "<group>"; };
		0ECBDACB271DF046007C9693 /* UserData.swift */ = {isa = PBXFileReference; lastKnownFileType = sourcecode.swift; path = UserData.swift; sourceTree = "<group>"; };
		0ED5D2D6273D8882009D48EE /* ProductCategory.swift */ = {isa = PBXFileReference; lastKnownFileType = sourcecode.swift; path = ProductCategory.swift; sourceTree = "<group>"; };
		0EF0C4E8272B1A82004092CF /* OrdersRepositoryStub.swift */ = {isa = PBXFileReference; lastKnownFileType = sourcecode.swift; path = OrdersRepositoryStub.swift; sourceTree = "<group>"; };
		0EF0C4EA272B1C3D004092CF /* OrderInteractorTests.swift */ = {isa = PBXFileReference; lastKnownFileType = sourcecode.swift; path = OrderInteractorTests.swift; sourceTree = "<group>"; };
		0EF0C4EC272B2C78004092CF /* ProductsStorageRest.swift */ = {isa = PBXFileReference; lastKnownFileType = sourcecode.swift; path = ProductsStorageRest.swift; sourceTree = "<group>"; };
		0EF0C4EE272B2E97004092CF /* OrdersStorageRest.swift */ = {isa = PBXFileReference; lastKnownFileType = sourcecode.swift; path = OrdersStorageRest.swift; sourceTree = "<group>"; };
		0EF0C4F0272B3272004092CF /* AppStateTest.swift */ = {isa = PBXFileReference; lastKnownFileType = sourcecode.swift; path = AppStateTest.swift; sourceTree = "<group>"; };
		0EFDA36F272F336500FDA504 /* Configuration.swift */ = {isa = PBXFileReference; lastKnownFileType = sourcecode.swift; path = Configuration.swift; sourceTree = "<group>"; };
/* End PBXFileReference section */

/* Begin PBXFrameworksBuildPhase section */
		0E3B540026F7A4E300DE526C /* Frameworks */ = {
			isa = PBXFrameworksBuildPhase;
			buildActionMask = 2147483647;
			files = (
			);
			runOnlyForDeploymentPostprocessing = 0;
		};
		0E4407402723532500632B5F /* Frameworks */ = {
			isa = PBXFrameworksBuildPhase;
			buildActionMask = 2147483647;
			files = (
			);
			runOnlyForDeploymentPostprocessing = 0;
		};
/* End PBXFrameworksBuildPhase section */

/* Begin PBXGroup section */
		0E36099C273FD5DD00A62EFD /* auth */ = {
			isa = PBXGroup;
			children = (
				0E36099D273FD60400A62EFD /* AuthenticationResponse.swift */,
				0E36099F273FDA1C00A62EFD /* AuthenticationRequestData.swift */,
				0E3609AB274029D300A62EFD /* TokenProvidable.swift */,
				0E3609AD27402DAD00A62EFD /* TokenReader.swift */,
				0E3609B3274035BD00A62EFD /* Authentication.swift */,
			);
			path = auth;
			sourceTree = "<group>";
		};
		0E3B53FA26F7A4E300DE526C = {
			isa = PBXGroup;
			children = (
				0E3B540526F7A4E300DE526C /* DarkKitchen */,
				0E4407442723532500632B5F /* DarkKitchenTests */,
				0E3B542426F7B75900DE526C /* Frameworks */,
				0E3B540426F7A4E300DE526C /* Products */,
			);
			sourceTree = "<group>";
		};
		0E3B540426F7A4E300DE526C /* Products */ = {
			isa = PBXGroup;
			children = (
				0E3B540326F7A4E300DE526C /* DarkKitchen.app */,
				0E4407432723532500632B5F /* DarkKitchenTests.xctest */,
			);
			name = Products;
			sourceTree = "<group>";
		};
		0E3B540526F7A4E300DE526C /* DarkKitchen */ = {
			isa = PBXGroup;
			children = (
				0E36099C273FD5DD00A62EFD /* auth */,
				0E4C32C3272E95D900AA5F06 /* network */,
				0E8B135326FA4DD2006D36D5 /* models */,
				0E8B135226FA4DC8006D36D5 /* environment */,
				0E8B135126FA4DBC006D36D5 /* business */,
				0E8B135026FA4DB0006D36D5 /* repositories */,
				0E3B541926F7A86C00DE526C /* ui */,
				0E3B540626F7A4E300DE526C /* DarkKitchenApp.swift */,
				0E3B540A26F7A4E700DE526C /* Assets.xcassets */,
				0E3B540F26F7A4E700DE526C /* Info.plist */,
				0E3B540C26F7A4E700DE526C /* Preview Content */,
			);
			path = DarkKitchen;
			sourceTree = "<group>";
		};
		0E3B540C26F7A4E700DE526C /* Preview Content */ = {
			isa = PBXGroup;
			children = (
				0E3B540D26F7A4E700DE526C /* Preview Assets.xcassets */,
			);
			path = "Preview Content";
			sourceTree = "<group>";
		};
		0E3B541926F7A86C00DE526C /* ui */ = {
			isa = PBXGroup;
			children = (
				0E3B540826F7A4E300DE526C /* ContentView.swift */,
			);
			path = ui;
			sourceTree = "<group>";
		};
		0E3B542426F7B75900DE526C /* Frameworks */ = {
			isa = PBXGroup;
			children = (
			);
			name = Frameworks;
			sourceTree = "<group>";
		};
		0E44073E2723481A00632B5F /* action-states */ = {
			isa = PBXGroup;
			children = (
				0ECBDAC9271DF039007C9693 /* Loadable.swift */,
				0E201D5E2729E0130093DFF7 /* Pushable.swift */,
				0E44073C272347C700632B5F /* MenuState.swift */,
				0E201D5C2729DCD80093DFF7 /* OrdersState.swift */,
				0E3609A3273FDC5900A62EFD /* AuthenticationState.swift */,
				0E3609C127405D5200A62EFD /* Movable.swift */,
			);
			path = "action-states";
			sourceTree = "<group>";
		};
		0E4407442723532500632B5F /* DarkKitchenTests */ = {
			isa = PBXGroup;
			children = (
				0E00250327345E5E00C44CB6 /* NetworkRequestTest.swift */,
				0EF0C4F0272B3272004092CF /* AppStateTest.swift */,
				0E4E61F7272418C100E11DDC /* extensions */,
				0E44074C2723534A00632B5F /* stubs */,
				0E4407452723532500632B5F /* MenuInteractorTest.swift */,
				0EF0C4EA272B1C3D004092CF /* OrderInteractorTests.swift */,
				0EA84BFC2739C044001E8B33 /* UrlResponderMock.swift.swift */,
				0EA84BFE2739C375001E8B33 /* ProductsStorageRestTest.swift */,
				0E3609A927401B2000A62EFD /* TokenStorageTest.swift */,
				0E3609BD27404B8700A62EFD /* ProfileStorageTest.swift */,
			);
			path = DarkKitchenTests;
			sourceTree = "<group>";
		};
		0E44074C2723534A00632B5F /* stubs */ = {
			isa = PBXGroup;
			children = (
				0E44074D2723538200632B5F /* ProductsRepositoryStub.swift */,
				0EF0C4E8272B1A82004092CF /* OrdersRepositoryStub.swift */,
			);
			path = stubs;
			sourceTree = "<group>";
		};
		0E4C32C3272E95D900AA5F06 /* network */ = {
			isa = PBXGroup;
			children = (
				0E4C32C6272E990700AA5F06 /* NetworkRequest.swift */,
			);
			path = network;
			sourceTree = "<group>";
		};
		0E4E61F7272418C100E11DDC /* extensions */ = {
			isa = PBXGroup;
			children = (
				0E4E61FA27241AA000E11DDC /* Loadable+Equatable.swift */,
				0E201D602729E6AF0093DFF7 /* Pushable+Equatable.swift */,
			);
			path = extensions;
			sourceTree = "<group>";
		};
		0E8B135026FA4DB0006D36D5 /* repositories */ = {
			isa = PBXGroup;
			children = (
				0E44073E2723481A00632B5F /* action-states */,
				0E3DB22A2736883700D10569 /* EndpointConfiguration.swift */,
				0E8B136A26FA5675006D36D5 /* OrdersRepository.swift */,
				0EF0C4EE272B2E97004092CF /* OrdersStorageRest.swift */,
				0E8B136826FA560F006D36D5 /* ProductsRepository.swift */,
				0EF0C4EC272B2C78004092CF /* ProductsStorageRest.swift */,
				0E44074F272358A000632B5F /* RepositoryError.swift */,
				0EC797D627333796006C45F8 /* RepositoryPaths.swift */,
				0E3609A52740171B00A62EFD /* TokenRepository.swift */,
				0E3609A72740183B00A62EFD /* TokenStorage.swift */,
				0E3609B52740389400A62EFD /* AccountRepository.swift */,
				0E3609B7274038DD00A62EFD /* AccountStorageRest.swift */,
				0E3609B927403B7C00A62EFD /* ProfileRepository.swift */,
				0E3609BB27403C1C00A62EFD /* ProfileStorage.swift */,
			);
			path = repositories;
			sourceTree = "<group>";
		};
		0E8B135126FA4DBC006D36D5 /* business */ = {
			isa = PBXGroup;
			children = (
				0E8B136226FA5467006D36D5 /* CartInteractor.swift */,
				0E201D562729D7630093DFF7 /* CombineInteractor.swift */,
				0E8B135E26FA4F0F006D36D5 /* MenuInteractor+MenuProvider.swift */,
				0E4E61FC272420F500E11DDC /* MenuProvider.swift */,
				0E201D5A2729DC080093DFF7 /* OrderSender.swift */,
				0E8B136626FA554E006D36D5 /* OrdersInteractor.swift */,
				0E201D582729DBE00093DFF7 /* OrdersProvider.swift */,
				0E8B136426FA552B006D36D5 /* ProfileInteractor.swift */,
				0E3609AF27402E5B00A62EFD /* AuthentificationInteractor.swift */,
				0E3609BF27405A0F00A62EFD /* ProfileProvider.swift */,
			);
			path = business;
			sourceTree = "<group>";
		};
		0E8B135226FA4DC8006D36D5 /* environment */ = {
			isa = PBXGroup;
			children = (
				0E8B136026FA53CE006D36D5 /* AppState.swift */,
				0EFDA36F272F336500FDA504 /* Configuration.swift */,
				0E8B137726FA5BAA006D36D5 /* GlobalObjects.swift */,
				0ECBDACB271DF046007C9693 /* UserData.swift */,
			);
			path = environment;
			sourceTree = "<group>";
		};
		0E8B135326FA4DD2006D36D5 /* models */ = {
			isa = PBXGroup;
			children = (
				0E8B135626FA4E34006D36D5 /* Cart.swift */,
				0E8B135C26FA4E62006D36D5 /* Product.swift */,
				0E8B135826FA4E45006D36D5 /* Order.swift */,
				0E8B135A26FA4E53006D36D5 /* Profile.swift */,
				0E8B136C26FA56F8006D36D5 /* PushOrderResult.swift */,
				0ED5D2D6273D8882009D48EE /* ProductCategory.swift */,
				0E3609A1273FDB1B00A62EFD /* Client.swift */,
			);
			path = models;
			sourceTree = "<group>";
		};
/* End PBXGroup section */

/* Begin PBXNativeTarget section */
		0E3B540226F7A4E300DE526C /* DarkKitchen */ = {
			isa = PBXNativeTarget;
			buildConfigurationList = 0E3B541226F7A4E700DE526C /* Build configuration list for PBXNativeTarget "DarkKitchen" */;
			buildPhases = (
				0E3B53FF26F7A4E300DE526C /* Sources */,
				0E3B540026F7A4E300DE526C /* Frameworks */,
				0E3B540126F7A4E300DE526C /* Resources */,
			);
			buildRules = (
			);
			dependencies = (
			);
			name = DarkKitchen;
			packageProductDependencies = (
			);
			productName = DarkKitchen;
			productReference = 0E3B540326F7A4E300DE526C /* DarkKitchen.app */;
			productType = "com.apple.product-type.application";
		};
		0E4407422723532500632B5F /* DarkKitchenTests */ = {
			isa = PBXNativeTarget;
			buildConfigurationList = 0E4407492723532500632B5F /* Build configuration list for PBXNativeTarget "DarkKitchenTests" */;
			buildPhases = (
				0E44073F2723532500632B5F /* Sources */,
				0E4407402723532500632B5F /* Frameworks */,
				0E4407412723532500632B5F /* Resources */,
			);
			buildRules = (
			);
			dependencies = (
				0E4407482723532500632B5F /* PBXTargetDependency */,
			);
			name = DarkKitchenTests;
			productName = DarkKitchenTests;
			productReference = 0E4407432723532500632B5F /* DarkKitchenTests.xctest */;
			productType = "com.apple.product-type.bundle.unit-test";
		};
/* End PBXNativeTarget section */

/* Begin PBXProject section */
		0E3B53FB26F7A4E300DE526C /* Project object */ = {
			isa = PBXProject;
			attributes = {
				LastSwiftUpdateCheck = 1300;
				LastUpgradeCheck = 1250;
				TargetAttributes = {
					0E3B540226F7A4E300DE526C = {
						CreatedOnToolsVersion = 12.5.1;
					};
					0E4407422723532500632B5F = {
						CreatedOnToolsVersion = 13.0;
						TestTargetID = 0E3B540226F7A4E300DE526C;
					};
				};
			};
			buildConfigurationList = 0E3B53FE26F7A4E300DE526C /* Build configuration list for PBXProject "DarkKitchen" */;
			compatibilityVersion = "Xcode 9.3";
			developmentRegion = en;
			hasScannedForEncodings = 0;
			knownRegions = (
				en,
				Base,
			);
			mainGroup = 0E3B53FA26F7A4E300DE526C;
			productRefGroup = 0E3B540426F7A4E300DE526C /* Products */;
			projectDirPath = "";
			projectRoot = "";
			targets = (
				0E3B540226F7A4E300DE526C /* DarkKitchen */,
				0E4407422723532500632B5F /* DarkKitchenTests */,
			);
		};
/* End PBXProject section */

/* Begin PBXResourcesBuildPhase section */
		0E3B540126F7A4E300DE526C /* Resources */ = {
			isa = PBXResourcesBuildPhase;
			buildActionMask = 2147483647;
			files = (
				0E3B540E26F7A4E700DE526C /* Preview Assets.xcassets in Resources */,
				0E3B540B26F7A4E700DE526C /* Assets.xcassets in Resources */,
			);
			runOnlyForDeploymentPostprocessing = 0;
		};
		0E4407412723532500632B5F /* Resources */ = {
			isa = PBXResourcesBuildPhase;
			buildActionMask = 2147483647;
			files = (
			);
			runOnlyForDeploymentPostprocessing = 0;
		};
/* End PBXResourcesBuildPhase section */

/* Begin PBXSourcesBuildPhase section */
		0E3B53FF26F7A4E300DE526C /* Sources */ = {
			isa = PBXSourcesBuildPhase;
			buildActionMask = 2147483647;
			files = (
				0E8B135926FA4E46006D36D5 /* Order.swift in Sources */,
				0E3609A4273FDC5900A62EFD /* AuthenticationState.swift in Sources */,
				0E8B137826FA5BAA006D36D5 /* GlobalObjects.swift in Sources */,
				0E3B540926F7A4E300DE526C /* ContentView.swift in Sources */,
				0E8B136D26FA56F8006D36D5 /* PushOrderResult.swift in Sources */,
				0E3609B8274038DD00A62EFD /* AccountStorageRest.swift in Sources */,
				0E4C32C7272E990700AA5F06 /* NetworkRequest.swift in Sources */,
				0E3609A0273FDA1C00A62EFD /* AuthenticationRequestData.swift in Sources */,
				0E201D5D2729DCD80093DFF7 /* OrdersState.swift in Sources */,
				0E3609AE27402DAD00A62EFD /* TokenReader.swift in Sources */,
				0EFDA370272F336500FDA504 /* Configuration.swift in Sources */,
				0E8B135B26FA4E53006D36D5 /* Profile.swift in Sources */,
				0E8B136126FA53CE006D36D5 /* AppState.swift in Sources */,
				0E8B135D26FA4E62006D36D5 /* Product.swift in Sources */,
				0E8B135726FA4E34006D36D5 /* Cart.swift in Sources */,
				0E3609A62740171B00A62EFD /* TokenRepository.swift in Sources */,
				0E8B136326FA5467006D36D5 /* CartInteractor.swift in Sources */,
				0E3609A2273FDB1B00A62EFD /* Client.swift in Sources */,
				0EC797D727333796006C45F8 /* RepositoryPaths.swift in Sources */,
				0E8B136726FA554E006D36D5 /* OrdersInteractor.swift in Sources */,
				0ECBDACC271DF046007C9693 /* UserData.swift in Sources */,
				0E3DB22B2736883700D10569 /* EndpointConfiguration.swift in Sources */,
				0E4E61FD272420F500E11DDC /* MenuProvider.swift in Sources */,
				0E44073D272347C700632B5F /* MenuState.swift in Sources */,
				0E8B136926FA560F006D36D5 /* ProductsRepository.swift in Sources */,
				0E3609AC274029D300A62EFD /* TokenProvidable.swift in Sources */,
				0E36099E273FD60400A62EFD /* AuthenticationResponse.swift in Sources */,
				0E440750272358A000632B5F /* RepositoryError.swift in Sources */,
				0E3609A82740183B00A62EFD /* TokenStorage.swift in Sources */,
				0E3609B027402E5B00A62EFD /* AuthentificationInteractor.swift in Sources */,
				0E3609C227405D5200A62EFD /* Movable.swift in Sources */,
				0E201D5F2729E0130093DFF7 /* Pushable.swift in Sources */,
				0EF0C4ED272B2C78004092CF /* ProductsStorageRest.swift in Sources */,
				0E8B136B26FA5675006D36D5 /* OrdersRepository.swift in Sources */,
				0E3609BA27403B7C00A62EFD /* ProfileRepository.swift in Sources */,
				0E201D5B2729DC080093DFF7 /* OrderSender.swift in Sources */,
				0E3B540726F7A4E300DE526C /* DarkKitchenApp.swift in Sources */,
				0E3609B62740389400A62EFD /* AccountRepository.swift in Sources */,
				0ECBDACA271DF039007C9693 /* Loadable.swift in Sources */,
				0E3609B4274035BD00A62EFD /* Authentication.swift in Sources */,
				0E3609BC27403C1C00A62EFD /* ProfileStorage.swift in Sources */,
				0E3609C027405A0F00A62EFD /* ProfileProvider.swift in Sources */,
				0E201D592729DBE00093DFF7 /* OrdersProvider.swift in Sources */,
				0EF0C4EF272B2E97004092CF /* OrdersStorageRest.swift in Sources */,
				0E8B135F26FA4F0F006D36D5 /* MenuInteractor+MenuProvider.swift in Sources */,
				0E8B136526FA552B006D36D5 /* ProfileInteractor.swift in Sources */,
				0E201D572729D7630093DFF7 /* CombineInteractor.swift in Sources */,
				0ED5D2D7273D8883009D48EE /* ProductCategory.swift in Sources */,
			);
			runOnlyForDeploymentPostprocessing = 0;
		};
		0E44073F2723532500632B5F /* Sources */ = {
			isa = PBXSourcesBuildPhase;
			buildActionMask = 2147483647;
			files = (
				0EA84BFF2739C375001E8B33 /* ProductsStorageRestTest.swift in Sources */,
				0E4E61FB27241AA000E11DDC /* Loadable+Equatable.swift in Sources */,
				0EF0C4EB272B1C3D004092CF /* OrderInteractorTests.swift in Sources */,
				0E44074E2723538200632B5F /* ProductsRepositoryStub.swift in Sources */,
				0E3609AA27401B2000A62EFD /* TokenStorageTest.swift in Sources */,
				0E3609BE27404B8700A62EFD /* ProfileStorageTest.swift in Sources */,
				0EF0C4F1272B3272004092CF /* AppStateTest.swift in Sources */,
				0E201D612729E6AF0093DFF7 /* Pushable+Equatable.swift in Sources */,
				0EA84BFD2739C044001E8B33 /* UrlResponderMock.swift.swift in Sources */,
				0E4407462723532500632B5F /* MenuInteractorTest.swift in Sources */,
				0E00250427345E5E00C44CB6 /* NetworkRequestTest.swift in Sources */,
				0EF0C4E9272B1A82004092CF /* OrdersRepositoryStub.swift in Sources */,
			);
			runOnlyForDeploymentPostprocessing = 0;
		};
/* End PBXSourcesBuildPhase section */

/* Begin PBXTargetDependency section */
		0E4407482723532500632B5F /* PBXTargetDependency */ = {
			isa = PBXTargetDependency;
			target = 0E3B540226F7A4E300DE526C /* DarkKitchen */;
			targetProxy = 0E4407472723532500632B5F /* PBXContainerItemProxy */;
		};
/* End PBXTargetDependency section */

/* Begin XCBuildConfiguration section */
		0E3B541026F7A4E700DE526C /* Debug */ = {
			isa = XCBuildConfiguration;
			buildSettings = {
				ALWAYS_SEARCH_USER_PATHS = NO;
				CLANG_ANALYZER_NONNULL = YES;
				CLANG_ANALYZER_NUMBER_OBJECT_CONVERSION = YES_AGGRESSIVE;
				CLANG_CXX_LANGUAGE_STANDARD = "gnu++14";
				CLANG_CXX_LIBRARY = "libc++";
				CLANG_ENABLE_MODULES = YES;
				CLANG_ENABLE_OBJC_ARC = YES;
				CLANG_ENABLE_OBJC_WEAK = YES;
				CLANG_WARN_BLOCK_CAPTURE_AUTORELEASING = YES;
				CLANG_WARN_BOOL_CONVERSION = YES;
				CLANG_WARN_COMMA = YES;
				CLANG_WARN_CONSTANT_CONVERSION = YES;
				CLANG_WARN_DEPRECATED_OBJC_IMPLEMENTATIONS = YES;
				CLANG_WARN_DIRECT_OBJC_ISA_USAGE = YES_ERROR;
				CLANG_WARN_DOCUMENTATION_COMMENTS = YES;
				CLANG_WARN_EMPTY_BODY = YES;
				CLANG_WARN_ENUM_CONVERSION = YES;
				CLANG_WARN_INFINITE_RECURSION = YES;
				CLANG_WARN_INT_CONVERSION = YES;
				CLANG_WARN_NON_LITERAL_NULL_CONVERSION = YES;
				CLANG_WARN_OBJC_IMPLICIT_RETAIN_SELF = YES;
				CLANG_WARN_OBJC_LITERAL_CONVERSION = YES;
				CLANG_WARN_OBJC_ROOT_CLASS = YES_ERROR;
				CLANG_WARN_QUOTED_INCLUDE_IN_FRAMEWORK_HEADER = YES;
				CLANG_WARN_RANGE_LOOP_ANALYSIS = YES;
				CLANG_WARN_STRICT_PROTOTYPES = YES;
				CLANG_WARN_SUSPICIOUS_MOVE = YES;
				CLANG_WARN_UNGUARDED_AVAILABILITY = YES_AGGRESSIVE;
				CLANG_WARN_UNREACHABLE_CODE = YES;
				CLANG_WARN__DUPLICATE_METHOD_MATCH = YES;
				COPY_PHASE_STRIP = NO;
				DEBUG_INFORMATION_FORMAT = dwarf;
				ENABLE_STRICT_OBJC_MSGSEND = YES;
				ENABLE_TESTABILITY = YES;
				GCC_C_LANGUAGE_STANDARD = gnu11;
				GCC_DYNAMIC_NO_PIC = NO;
				GCC_NO_COMMON_BLOCKS = YES;
				GCC_OPTIMIZATION_LEVEL = 0;
				GCC_PREPROCESSOR_DEFINITIONS = (
					"DEBUG=1",
					"$(inherited)",
				);
				GCC_WARN_64_TO_32_BIT_CONVERSION = YES;
				GCC_WARN_ABOUT_RETURN_TYPE = YES_ERROR;
				GCC_WARN_UNDECLARED_SELECTOR = YES;
				GCC_WARN_UNINITIALIZED_AUTOS = YES_AGGRESSIVE;
				GCC_WARN_UNUSED_FUNCTION = YES;
				GCC_WARN_UNUSED_VARIABLE = YES;
				IPHONEOS_DEPLOYMENT_TARGET = 14.5;
				MTL_ENABLE_DEBUG_INFO = INCLUDE_SOURCE;
				MTL_FAST_MATH = YES;
				ONLY_ACTIVE_ARCH = YES;
				SDKROOT = iphoneos;
				SWIFT_ACTIVE_COMPILATION_CONDITIONS = DEBUG;
				SWIFT_OPTIMIZATION_LEVEL = "-Onone";
			};
			name = Debug;
		};
		0E3B541126F7A4E700DE526C /* Release */ = {
			isa = XCBuildConfiguration;
			buildSettings = {
				ALWAYS_SEARCH_USER_PATHS = NO;
				CLANG_ANALYZER_NONNULL = YES;
				CLANG_ANALYZER_NUMBER_OBJECT_CONVERSION = YES_AGGRESSIVE;
				CLANG_CXX_LANGUAGE_STANDARD = "gnu++14";
				CLANG_CXX_LIBRARY = "libc++";
				CLANG_ENABLE_MODULES = YES;
				CLANG_ENABLE_OBJC_ARC = YES;
				CLANG_ENABLE_OBJC_WEAK = YES;
				CLANG_WARN_BLOCK_CAPTURE_AUTORELEASING = YES;
				CLANG_WARN_BOOL_CONVERSION = YES;
				CLANG_WARN_COMMA = YES;
				CLANG_WARN_CONSTANT_CONVERSION = YES;
				CLANG_WARN_DEPRECATED_OBJC_IMPLEMENTATIONS = YES;
				CLANG_WARN_DIRECT_OBJC_ISA_USAGE = YES_ERROR;
				CLANG_WARN_DOCUMENTATION_COMMENTS = YES;
				CLANG_WARN_EMPTY_BODY = YES;
				CLANG_WARN_ENUM_CONVERSION = YES;
				CLANG_WARN_INFINITE_RECURSION = YES;
				CLANG_WARN_INT_CONVERSION = YES;
				CLANG_WARN_NON_LITERAL_NULL_CONVERSION = YES;
				CLANG_WARN_OBJC_IMPLICIT_RETAIN_SELF = YES;
				CLANG_WARN_OBJC_LITERAL_CONVERSION = YES;
				CLANG_WARN_OBJC_ROOT_CLASS = YES_ERROR;
				CLANG_WARN_QUOTED_INCLUDE_IN_FRAMEWORK_HEADER = YES;
				CLANG_WARN_RANGE_LOOP_ANALYSIS = YES;
				CLANG_WARN_STRICT_PROTOTYPES = YES;
				CLANG_WARN_SUSPICIOUS_MOVE = YES;
				CLANG_WARN_UNGUARDED_AVAILABILITY = YES_AGGRESSIVE;
				CLANG_WARN_UNREACHABLE_CODE = YES;
				CLANG_WARN__DUPLICATE_METHOD_MATCH = YES;
				COPY_PHASE_STRIP = NO;
				DEBUG_INFORMATION_FORMAT = "dwarf-with-dsym";
				ENABLE_NS_ASSERTIONS = NO;
				ENABLE_STRICT_OBJC_MSGSEND = YES;
				GCC_C_LANGUAGE_STANDARD = gnu11;
				GCC_NO_COMMON_BLOCKS = YES;
				GCC_WARN_64_TO_32_BIT_CONVERSION = YES;
				GCC_WARN_ABOUT_RETURN_TYPE = YES_ERROR;
				GCC_WARN_UNDECLARED_SELECTOR = YES;
				GCC_WARN_UNINITIALIZED_AUTOS = YES_AGGRESSIVE;
				GCC_WARN_UNUSED_FUNCTION = YES;
				GCC_WARN_UNUSED_VARIABLE = YES;
				IPHONEOS_DEPLOYMENT_TARGET = 14.5;
				MTL_ENABLE_DEBUG_INFO = NO;
				MTL_FAST_MATH = YES;
				SDKROOT = iphoneos;
				SWIFT_COMPILATION_MODE = wholemodule;
				SWIFT_OPTIMIZATION_LEVEL = "-O";
				VALIDATE_PRODUCT = YES;
			};
			name = Release;
		};
		0E3B541326F7A4E700DE526C /* Debug */ = {
			isa = XCBuildConfiguration;
			buildSettings = {
				ASSETCATALOG_COMPILER_APPICON_NAME = AppIcon;
				ASSETCATALOG_COMPILER_GLOBAL_ACCENT_COLOR_NAME = AccentColor;
				CODE_SIGN_STYLE = Automatic;
				DEVELOPMENT_ASSET_PATHS = "\"DarkKitchen/Preview Content\"";
				DEVELOPMENT_TEAM = VSV8CRC85G;
				ENABLE_PREVIEWS = YES;
				INFOPLIST_FILE = DarkKitchen/Info.plist;
				IPHONEOS_DEPLOYMENT_TARGET = 14.0;
				LD_RUNPATH_SEARCH_PATHS = (
					"$(inherited)",
					"@executable_path/Frameworks",
				);
				PRODUCT_BUNDLE_IDENTIFIER = com.examples.DarkKitchen;
				PRODUCT_NAME = "$(TARGET_NAME)";
				SWIFT_VERSION = 5.0;
				TARGETED_DEVICE_FAMILY = "1,2";
			};
			name = Debug;
		};
		0E3B541426F7A4E700DE526C /* Release */ = {
			isa = XCBuildConfiguration;
			buildSettings = {
				ASSETCATALOG_COMPILER_APPICON_NAME = AppIcon;
				ASSETCATALOG_COMPILER_GLOBAL_ACCENT_COLOR_NAME = AccentColor;
				CODE_SIGN_STYLE = Automatic;
				DEVELOPMENT_ASSET_PATHS = "\"DarkKitchen/Preview Content\"";
				DEVELOPMENT_TEAM = VSV8CRC85G;
				ENABLE_PREVIEWS = YES;
				INFOPLIST_FILE = DarkKitchen/Info.plist;
				IPHONEOS_DEPLOYMENT_TARGET = 14.0;
				LD_RUNPATH_SEARCH_PATHS = (
					"$(inherited)",
					"@executable_path/Frameworks",
				);
				PRODUCT_BUNDLE_IDENTIFIER = com.examples.DarkKitchen;
				PRODUCT_NAME = "$(TARGET_NAME)";
				SWIFT_VERSION = 5.0;
				TARGETED_DEVICE_FAMILY = "1,2";
			};
			name = Release;
		};
		0E44074A2723532500632B5F /* Debug */ = {
			isa = XCBuildConfiguration;
			buildSettings = {
				BUNDLE_LOADER = "$(TEST_HOST)";
				CLANG_CXX_LANGUAGE_STANDARD = "gnu++17";
				CODE_SIGN_STYLE = Automatic;
				CURRENT_PROJECT_VERSION = 1;
				DEVELOPMENT_TEAM = VSV8CRC85G;
				GENERATE_INFOPLIST_FILE = YES;
				IPHONEOS_DEPLOYMENT_TARGET = 15.0;
				LD_RUNPATH_SEARCH_PATHS = (
					"$(inherited)",
					"@executable_path/Frameworks",
					"@loader_path/Frameworks",
				);
				MARKETING_VERSION = 1.0;
				PRODUCT_BUNDLE_IDENTIFIER = com.examples.DarkKitchenTests;
				PRODUCT_NAME = "$(TARGET_NAME)";
				SWIFT_EMIT_LOC_STRINGS = NO;
				SWIFT_VERSION = 5.0;
				TARGETED_DEVICE_FAMILY = "1,2";
				TEST_HOST = "$(BUILT_PRODUCTS_DIR)/DarkKitchen.app/DarkKitchen";
			};
			name = Debug;
		};
		0E44074B2723532500632B5F /* Release */ = {
			isa = XCBuildConfiguration;
			buildSettings = {
				BUNDLE_LOADER = "$(TEST_HOST)";
				CLANG_CXX_LANGUAGE_STANDARD = "gnu++17";
				CODE_SIGN_STYLE = Automatic;
				CURRENT_PROJECT_VERSION = 1;
				DEVELOPMENT_TEAM = VSV8CRC85G;
				GENERATE_INFOPLIST_FILE = YES;
				IPHONEOS_DEPLOYMENT_TARGET = 15.0;
				LD_RUNPATH_SEARCH_PATHS = (
					"$(inherited)",
					"@executable_path/Frameworks",
					"@loader_path/Frameworks",
				);
				MARKETING_VERSION = 1.0;
				PRODUCT_BUNDLE_IDENTIFIER = com.examples.DarkKitchenTests;
				PRODUCT_NAME = "$(TARGET_NAME)";
				SWIFT_EMIT_LOC_STRINGS = NO;
				SWIFT_VERSION = 5.0;
				TARGETED_DEVICE_FAMILY = "1,2";
				TEST_HOST = "$(BUILT_PRODUCTS_DIR)/DarkKitchen.app/DarkKitchen";
			};
			name = Release;
		};
/* End XCBuildConfiguration section */

/* Begin XCConfigurationList section */
		0E3B53FE26F7A4E300DE526C /* Build configuration list for PBXProject "DarkKitchen" */ = {
			isa = XCConfigurationList;
			buildConfigurations = (
				0E3B541026F7A4E700DE526C /* Debug */,
				0E3B541126F7A4E700DE526C /* Release */,
			);
			defaultConfigurationIsVisible = 0;
			defaultConfigurationName = Release;
		};
		0E3B541226F7A4E700DE526C /* Build configuration list for PBXNativeTarget "DarkKitchen" */ = {
			isa = XCConfigurationList;
			buildConfigurations = (
				0E3B541326F7A4E700DE526C /* Debug */,
				0E3B541426F7A4E700DE526C /* Release */,
			);
			defaultConfigurationIsVisible = 0;
			defaultConfigurationName = Release;
		};
		0E4407492723532500632B5F /* Build configuration list for PBXNativeTarget "DarkKitchenTests" */ = {
			isa = XCConfigurationList;
			buildConfigurations = (
				0E44074A2723532500632B5F /* Debug */,
				0E44074B2723532500632B5F /* Release */,
			);
			defaultConfigurationIsVisible = 0;
			defaultConfigurationName = Release;
		};
/* End XCConfigurationList section */
	};
	rootObject = 0E3B53FB26F7A4E300DE526C /* Project object */;
}
